
Microsoft Visual Studio Solution File, Format Version 12.00
# Visual Studio Version 16
VisualStudioVersion = 16.0.29911.84
MinimumVisualStudioVersion = 10.0.40219.1
Project("{9A19103F-16F7-4668-BE54-9A1E7A4F7556}") = "WebAPI", "WebAPI\WebAPI.csproj", "{28A4B609-D2B7-4F37-8500-D510D61AB035}"
EndProject
Project("{FAE04EC0-301F-11D3-BF4B-00C04F79EFBC}") = "WebMVC", "WebMVC\WebMVC.csproj", "{18AC6F7F-07EF-485F-9C8A-1EB490762BF8}"
EndProject
Global
	GlobalSection(SolutionConfigurationPlatforms) = preSolution
		Debug|Any CPU = Debug|Any CPU
		Release|Any CPU = Release|Any CPU
	EndGlobalSection
	GlobalSection(ProjectConfigurationPlatforms) = postSolution
		{28A4B609-D2B7-4F37-8500-D510D61AB035}.Debug|Any CPU.ActiveCfg = Debug|Any CPU
		{28A4B609-D2B7-4F37-8500-D510D61AB035}.Debug|Any CPU.Build.0 = Debug|Any CPU
		{28A4B609-D2B7-4F37-8500-D510D61AB035}.Release|Any CPU.ActiveCfg = Release|Any CPU
		{28A4B609-D2B7-4F37-8500-D510D61AB035}.Release|Any CPU.Build.0 = Release|Any CPU
		{18AC6F7F-07EF-485F-9C8A-1EB490762BF8}.Debug|Any CPU.ActiveCfg = Debug|Any CPU
		{18AC6F7F-07EF-485F-9C8A-1EB490762BF8}.Debug|Any CPU.Build.0 = Debug|Any CPU
		{18AC6F7F-07EF-485F-9C8A-1EB490762BF8}.Release|Any CPU.ActiveCfg = Release|Any CPU
		{18AC6F7F-07EF-485F-9C8A-1EB490762BF8}.Release|Any CPU.Build.0 = Release|Any CPU
	EndGlobalSection
	GlobalSection(SolutionProperties) = preSolution
		HideSolutionNode = FALSE
	EndGlobalSection
	GlobalSection(ExtensibilityGlobals) = postSolution
		SolutionGuid = {A8A4ED54-DB6E-4232-A001-87F98AC1E41A}
	EndGlobalSection
EndGlobal
